
Microsoft Visual Studio Solution File, Format Version 12.00
# Visual Studio Version 16
VisualStudioVersion = 16.0.33214.272
MinimumVisualStudioVersion = 10.0.40219.1
Project("{FAE04EC0-301F-11D3-BF4B-00C04F79EFBC}") = "PortaleRegione.C102.ImportazioneDocumentiAlfresco", "PortaleRegione.C102.ImportazioneDocumentiAlfresco\PortaleRegione.C102.ImportazioneDocumentiAlfresco.csproj", "{38A0AE6A-4D20-40C2-8D62-14B76737B360}"
EndProject
Project("{FAE04EC0-301F-11D3-BF4B-00C04F79EFBC}") = "PortaleRegione.DTO", "..\..\Sorgenti API\PortaleRegione.DTO\PortaleRegione.DTO.csproj", "{A7ADA419-A178-40DA-85CC-63F6875E5793}"
EndProject
Global
	GlobalSection(SolutionConfigurationPlatforms) = preSolution
		Debug|Any CPU = Debug|Any CPU
		Release|Any CPU = Release|Any CPU
	EndGlobalSection
	GlobalSection(ProjectConfigurationPlatforms) = postSolution
		{38A0AE6A-4D20-40C2-8D62-14B76737B360}.Debug|Any CPU.ActiveCfg = Debug|Any CPU
		{38A0AE6A-4D20-40C2-8D62-14B76737B360}.Debug|Any CPU.Build.0 = Debug|Any CPU
		{38A0AE6A-4D20-40C2-8D62-14B76737B360}.Release|Any CPU.ActiveCfg = Release|Any CPU
		{38A0AE6A-4D20-40C2-8D62-14B76737B360}.Release|Any CPU.Build.0 = Release|Any CPU
		{A7ADA419-A178-40DA-85CC-63F6875E5793}.Debug|Any CPU.ActiveCfg = Debug|Any CPU
		{A7ADA419-A178-40DA-85CC-63F6875E5793}.Debug|Any CPU.Build.0 = Debug|Any CPU
		{A7ADA419-A178-40DA-85CC-63F6875E5793}.Release|Any CPU.ActiveCfg = Release|Any CPU
		{A7ADA419-A178-40DA-85CC-63F6875E5793}.Release|Any CPU.Build.0 = Release|Any CPU
	EndGlobalSection
	GlobalSection(SolutionProperties) = preSolution
		HideSolutionNode = FALSE
	EndGlobalSection
	GlobalSection(ExtensibilityGlobals) = postSolution
		SolutionGuid = {BE5CBD62-2F1F-40EB-9B39-36BC2A8592ED}
	EndGlobalSection
EndGlobal
