
Microsoft Visual Studio Solution File, Format Version 12.00
# Visual Studio Version 16
VisualStudioVersion = 16.0.30517.126
MinimumVisualStudioVersion = 10.0.40219.1
Project("{9A19103F-16F7-4668-BE54-9A1E7A4F7556}") = "GeneraStampeJob", "GeneraStampeJob\GeneraStampeJob.csproj", "{8FC43583-074F-493C-822F-5FB43BFA378C}"
EndProject
Project("{FAE04EC0-301F-11D3-BF4B-00C04F79EFBC}") = "PortaleRegione.DTO", "..\..\..\Sorgenti API\PortaleRegione.DTO\PortaleRegione.DTO.csproj", "{A7ADA419-A178-40DA-85CC-63F6875E5793}"
EndProject
Project("{FAE04EC0-301F-11D3-BF4B-00C04F79EFBC}") = "PortaleRegione.Gateway", "..\..\..\Sorgenti Client\PortaleRegione.Gateway\PortaleRegione.Gateway.csproj", "{34C5C26E-50BD-49F3-8500-62A8C209273B}"
EndProject
Project("{FAE04EC0-301F-11D3-BF4B-00C04F79EFBC}") = "PortaleRegione.Logger", "..\..\..\Sorgenti API\PortaleRegione.Logger\PortaleRegione.Logger.csproj", "{1F9EEC0B-08CC-481F-820E-C07B8327AC25}"
EndProject
Project("{FAE04EC0-301F-11D3-BF4B-00C04F79EFBC}") = "PortaleRegione.GestioneStampe", "..\..\PortaleRegione.GestioneStampe\PortaleRegione.GestioneStampe\PortaleRegione.GestioneStampe.csproj", "{5602B3D8-CB8C-434E-89ED-8A290729EF98}"
EndProject
Global
	GlobalSection(SolutionConfigurationPlatforms) = preSolution
		Debug|Any CPU = Debug|Any CPU
		Release|Any CPU = Release|Any CPU
	EndGlobalSection
	GlobalSection(ProjectConfigurationPlatforms) = postSolution
		{8FC43583-074F-493C-822F-5FB43BFA378C}.Debug|Any CPU.ActiveCfg = Debug|Any CPU
		{8FC43583-074F-493C-822F-5FB43BFA378C}.Debug|Any CPU.Build.0 = Debug|Any CPU
		{8FC43583-074F-493C-822F-5FB43BFA378C}.Release|Any CPU.ActiveCfg = Release|Any CPU
		{8FC43583-074F-493C-822F-5FB43BFA378C}.Release|Any CPU.Build.0 = Release|Any CPU
		{A7ADA419-A178-40DA-85CC-63F6875E5793}.Debug|Any CPU.ActiveCfg = Debug|Any CPU
		{A7ADA419-A178-40DA-85CC-63F6875E5793}.Debug|Any CPU.Build.0 = Debug|Any CPU
		{A7ADA419-A178-40DA-85CC-63F6875E5793}.Release|Any CPU.ActiveCfg = Release|Any CPU
		{A7ADA419-A178-40DA-85CC-63F6875E5793}.Release|Any CPU.Build.0 = Release|Any CPU
		{34C5C26E-50BD-49F3-8500-62A8C209273B}.Debug|Any CPU.ActiveCfg = Debug|Any CPU
		{34C5C26E-50BD-49F3-8500-62A8C209273B}.Debug|Any CPU.Build.0 = Debug|Any CPU
		{34C5C26E-50BD-49F3-8500-62A8C209273B}.Release|Any CPU.ActiveCfg = Release|Any CPU
		{34C5C26E-50BD-49F3-8500-62A8C209273B}.Release|Any CPU.Build.0 = Release|Any CPU
		{1F9EEC0B-08CC-481F-820E-C07B8327AC25}.Debug|Any CPU.ActiveCfg = Debug|Any CPU
		{1F9EEC0B-08CC-481F-820E-C07B8327AC25}.Debug|Any CPU.Build.0 = Debug|Any CPU
		{1F9EEC0B-08CC-481F-820E-C07B8327AC25}.Release|Any CPU.ActiveCfg = Release|Any CPU
		{1F9EEC0B-08CC-481F-820E-C07B8327AC25}.Release|Any CPU.Build.0 = Release|Any CPU
		{5602B3D8-CB8C-434E-89ED-8A290729EF98}.Debug|Any CPU.ActiveCfg = Debug|Any CPU
		{5602B3D8-CB8C-434E-89ED-8A290729EF98}.Debug|Any CPU.Build.0 = Debug|Any CPU
		{5602B3D8-CB8C-434E-89ED-8A290729EF98}.Release|Any CPU.ActiveCfg = Release|Any CPU
		{5602B3D8-CB8C-434E-89ED-8A290729EF98}.Release|Any CPU.Build.0 = Release|Any CPU
	EndGlobalSection
	GlobalSection(SolutionProperties) = preSolution
		HideSolutionNode = FALSE
	EndGlobalSection
	GlobalSection(ExtensibilityGlobals) = postSolution
		SolutionGuid = {2EE2E651-A9A7-437C-AFDF-810D1862DBDC}
	EndGlobalSection
EndGlobal
