
Microsoft Visual Studio Solution File, Format Version 12.00
# Visual Studio Version 17
VisualStudioVersion = 17.8.34316.72
MinimumVisualStudioVersion = 10.0.40219.1
Project("{FAE04EC0-301F-11D3-BF4B-00C04F79EFBC}") = "PortaleRegione.C102.ImportazioneDatiAlfresco", "PortaleRegione.C102.ImportazioneDatiAlfresco.csproj", "{CDFF5499-B3D3-4410-81E8-EF159B1E7664}"
EndProject
Project("{FAE04EC0-301F-11D3-BF4B-00C04F79EFBC}") = "PortaleRegione.Crypto", "..\..\Sorgenti API\PortaleRegione.Crypto\PortaleRegione.Crypto.csproj", "{CE1501B2-58D4-47AC-8D15-E2AA307E401B}"
EndProject
Project("{FAE04EC0-301F-11D3-BF4B-00C04F79EFBC}") = "PortaleRegione.DTO", "..\..\Sorgenti API\PortaleRegione.DTO\PortaleRegione.DTO.csproj", "{A7ADA419-A178-40DA-85CC-63F6875E5793}"
EndProject
Project("{FAE04EC0-301F-11D3-BF4B-00C04F79EFBC}") = "PortaleRegione.Common", "..\..\Sorgenti API\PortaleRegione.Common\PortaleRegione.Common.csproj", "{4948DD2A-A842-46A9-B987-A537894487BF}"
EndProject
Global
	GlobalSection(SolutionConfigurationPlatforms) = preSolution
		Debug|Any CPU = Debug|Any CPU
		Release|Any CPU = Release|Any CPU
	EndGlobalSection
	GlobalSection(ProjectConfigurationPlatforms) = postSolution
		{CDFF5499-B3D3-4410-81E8-EF159B1E7664}.Debug|Any CPU.ActiveCfg = Debug|Any CPU
		{CDFF5499-B3D3-4410-81E8-EF159B1E7664}.Debug|Any CPU.Build.0 = Debug|Any CPU
		{CDFF5499-B3D3-4410-81E8-EF159B1E7664}.Release|Any CPU.ActiveCfg = Release|Any CPU
		{CDFF5499-B3D3-4410-81E8-EF159B1E7664}.Release|Any CPU.Build.0 = Release|Any CPU
		{CE1501B2-58D4-47AC-8D15-E2AA307E401B}.Debug|Any CPU.ActiveCfg = Debug|Any CPU
		{CE1501B2-58D4-47AC-8D15-E2AA307E401B}.Debug|Any CPU.Build.0 = Debug|Any CPU
		{CE1501B2-58D4-47AC-8D15-E2AA307E401B}.Release|Any CPU.ActiveCfg = Release|Any CPU
		{CE1501B2-58D4-47AC-8D15-E2AA307E401B}.Release|Any CPU.Build.0 = Release|Any CPU
		{A7ADA419-A178-40DA-85CC-63F6875E5793}.Debug|Any CPU.ActiveCfg = Debug|Any CPU
		{A7ADA419-A178-40DA-85CC-63F6875E5793}.Debug|Any CPU.Build.0 = Debug|Any CPU
		{A7ADA419-A178-40DA-85CC-63F6875E5793}.Release|Any CPU.ActiveCfg = Release|Any CPU
		{A7ADA419-A178-40DA-85CC-63F6875E5793}.Release|Any CPU.Build.0 = Release|Any CPU
		{4948DD2A-A842-46A9-B987-A537894487BF}.Debug|Any CPU.ActiveCfg = Debug|Any CPU
		{4948DD2A-A842-46A9-B987-A537894487BF}.Debug|Any CPU.Build.0 = Debug|Any CPU
		{4948DD2A-A842-46A9-B987-A537894487BF}.Release|Any CPU.ActiveCfg = Release|Any CPU
		{4948DD2A-A842-46A9-B987-A537894487BF}.Release|Any CPU.Build.0 = Release|Any CPU
	EndGlobalSection
	GlobalSection(SolutionProperties) = preSolution
		HideSolutionNode = FALSE
	EndGlobalSection
	GlobalSection(ExtensibilityGlobals) = postSolution
		SolutionGuid = {E7AB817E-FAAC-44E7-9D31-BF5C8D13564F}
	EndGlobalSection
EndGlobal
