
Microsoft Visual Studio Solution File, Format Version 12.00
# Visual Studio Version 17
VisualStudioVersion = 17.11.35312.102
MinimumVisualStudioVersion = 10.0.40219.1
Project("{FAE04EC0-301F-11D3-BF4B-00C04F79EFBC}") = "CalcoloRitardoAttoJob", "CalcoloRitardoAttoJob.csproj", "{7803CBE3-78DB-4618-B677-3C3FAF5CA473}"
EndProject
Project("{FAE04EC0-301F-11D3-BF4B-00C04F79EFBC}") = "TestJob", "..\TestJob\TestJob.csproj", "{5E1F86F8-7014-4412-8F9C-C293087CC052}"
EndProject
Global
	GlobalSection(SolutionConfigurationPlatforms) = preSolution
		Debug|Any CPU = Debug|Any CPU
		Release|Any CPU = Release|Any CPU
	EndGlobalSection
	GlobalSection(ProjectConfigurationPlatforms) = postSolution
		{7803CBE3-78DB-4618-B677-3C3FAF5CA473}.Debug|Any CPU.ActiveCfg = Debug|Any CPU
		{7803CBE3-78DB-4618-B677-3C3FAF5CA473}.Debug|Any CPU.Build.0 = Debug|Any CPU
		{7803CBE3-78DB-4618-B677-3C3FAF5CA473}.Release|Any CPU.ActiveCfg = Release|Any CPU
		{7803CBE3-78DB-4618-B677-3C3FAF5CA473}.Release|Any CPU.Build.0 = Release|Any CPU
		{5E1F86F8-7014-4412-8F9C-C293087CC052}.Debug|Any CPU.ActiveCfg = Debug|Any CPU
		{5E1F86F8-7014-4412-8F9C-C293087CC052}.Debug|Any CPU.Build.0 = Debug|Any CPU
		{5E1F86F8-7014-4412-8F9C-C293087CC052}.Release|Any CPU.ActiveCfg = Release|Any CPU
		{5E1F86F8-7014-4412-8F9C-C293087CC052}.Release|Any CPU.Build.0 = Release|Any CPU
	EndGlobalSection
	GlobalSection(SolutionProperties) = preSolution
		HideSolutionNode = FALSE
	EndGlobalSection
	GlobalSection(ExtensibilityGlobals) = postSolution
		SolutionGuid = {B70E2DD7-F608-4A9A-9A3C-28F4622CEC30}
	EndGlobalSection
EndGlobal
