
Microsoft Visual Studio Solution File, Format Version 12.00
# Visual Studio Version 16
VisualStudioVersion = 16.0.30804.86
MinimumVisualStudioVersion = 10.0.40219.1
Project("{FAE04EC0-301F-11D3-BF4B-00C04F79EFBC}") = "SchedulerService", "SchedulerService.csproj", "{DCBF8F9A-2DA2-42FA-A9B6-94CFBBB81D1A}"
EndProject
Global
	GlobalSection(SolutionConfigurationPlatforms) = preSolution
		Debug|Any CPU = Debug|Any CPU
		Release|Any CPU = Release|Any CPU
	EndGlobalSection
	GlobalSection(ProjectConfigurationPlatforms) = postSolution
		{DCBF8F9A-2DA2-42FA-A9B6-94CFBBB81D1A}.Debug|Any CPU.ActiveCfg = Debug|Any CPU
		{DCBF8F9A-2DA2-42FA-A9B6-94CFBBB81D1A}.Debug|Any CPU.Build.0 = Debug|Any CPU
		{DCBF8F9A-2DA2-42FA-A9B6-94CFBBB81D1A}.Release|Any CPU.ActiveCfg = Release|Any CPU
		{DCBF8F9A-2DA2-42FA-A9B6-94CFBBB81D1A}.Release|Any CPU.Build.0 = Release|Any CPU
	EndGlobalSection
	GlobalSection(SolutionProperties) = preSolution
		HideSolutionNode = FALSE
	EndGlobalSection
	GlobalSection(ExtensibilityGlobals) = postSolution
		SolutionGuid = {10A5D72A-CDA5-4821-9DC8-79C69465A2F8}
	EndGlobalSection
EndGlobal
